
Microsoft Visual Studio Solution File, Format Version 12.00
Project("{FAE04EC0-301F-11D3-BF4B-00C04F79EFBC}") = "AnythingLLMComunicator", "AnythingLLMComunicator\AnythingLLMComunicator.csproj", "{B612316A-629B-4708-A0B2-25F8E4D96A5F}"
EndProject
Project("{FAE04EC0-301F-11D3-BF4B-00C04F79EFBC}") = "AudioDeviceEnumerator", "AudioDeviceEnumerator\AudioDeviceEnumerator.csproj", "{D422E073-68A0-48FB-B2F8-08D6B2B21419}"
EndProject
Global
	GlobalSection(SolutionConfigurationPlatforms) = preSolution
		Debug|Any CPU = Debug|Any CPU
		Release|Any CPU = Release|Any CPU
	EndGlobalSection
	GlobalSection(ProjectConfigurationPlatforms) = postSolution
		{B612316A-629B-4708-A0B2-25F8E4D96A5F}.Debug|Any CPU.ActiveCfg = Debug|Any CPU
		{B612316A-629B-4708-A0B2-25F8E4D96A5F}.Debug|Any CPU.Build.0 = Debug|Any CPU
		{B612316A-629B-4708-A0B2-25F8E4D96A5F}.Release|Any CPU.ActiveCfg = Release|Any CPU
		{B612316A-629B-4708-A0B2-25F8E4D96A5F}.Release|Any CPU.Build.0 = Release|Any CPU
		{D422E073-68A0-48FB-B2F8-08D6B2B21419}.Debug|Any CPU.ActiveCfg = Debug|Any CPU
		{D422E073-68A0-48FB-B2F8-08D6B2B21419}.Debug|Any CPU.Build.0 = Debug|Any CPU
		{D422E073-68A0-48FB-B2F8-08D6B2B21419}.Release|Any CPU.ActiveCfg = Release|Any CPU
		{D422E073-68A0-48FB-B2F8-08D6B2B21419}.Release|Any CPU.Build.0 = Release|Any CPU
	EndGlobalSection
EndGlobal
